
Microsoft Visual Studio Solution File, Format Version 12.00
# Visual Studio 2012
Project("{8BC9CEB8-8B4A-11D0-8D11-00A0C91BC942}") = "GameOfLife", "GameOfLife\GameOfLife.vcxproj", "{E6E8855F-2F6A-4064-833A-6A069E821576}"
EndProject
Global
	GlobalSection(SolutionConfigurationPlatforms) = preSolution
		Debug|Win32 = Debug|Win32
		Release|Win32 = Release|Win32
	EndGlobalSection
	GlobalSection(ProjectConfigurationPlatforms) = postSolution
		{E6E8855F-2F6A-4064-833A-6A069E821576}.Debug|Win32.ActiveCfg = Debug|Win32
		{E6E8855F-2F6A-4064-833A-6A069E821576}.Debug|Win32.Build.0 = Debug|Win32
		{E6E8855F-2F6A-4064-833A-6A069E821576}.Release|Win32.ActiveCfg = Release|Win32
		{E6E8855F-2F6A-4064-833A-6A069E821576}.Release|Win32.Build.0 = Release|Win32
	EndGlobalSection
	GlobalSection(SolutionProperties) = preSolution
		HideSolutionNode = FALSE
	EndGlobalSection
EndGlobal
